// !$*UTF8*$!
{
	archiveVersion = 1;
	classes = {
	};
	objectVersion = 46;
	objects = {

/* Begin PBXBuildFile section */
		87FD36FB194E5CC9008690ED /* Foundation.framework in Frameworks */ = {isa = PBXBuildFile; fileRef = 87FD36FA194E5CC9008690ED /* Foundation.framework */; };
		87FD36FD194E5CC9008690ED /* CoreGraphics.framework in Frameworks */ = {isa = PBXBuildFile; fileRef = 87FD36FC194E5CC9008690ED /* CoreGraphics.framework */; };
		87FD36FF194E5CC9008690ED /* UIKit.framework in Frameworks */ = {isa = PBXBuildFile; fileRef = 87FD36FE194E5CC9008690ED /* UIKit.framework */; };
		87FD3705194E5CC9008690ED /* InfoPlist.strings in Resources */ = {isa = PBXBuildFile; fileRef = 87FD3703194E5CC9008690ED /* InfoPlist.strings */; };
		87FD3707194E5CC9008690ED /* main.m in Sources */ = {isa = PBXBuildFile; fileRef = 87FD3706194E5CC9008690ED /* main.m */; };
		87FD370B194E5CC9008690ED /* AppDelegate.m in Sources */ = {isa = PBXBuildFile; fileRef = 87FD370A194E5CC9008690ED /* AppDelegate.m */; };
		87FD370D194E5CC9008690ED /* Images.xcassets in Resources */ = {isa = PBXBuildFile; fileRef = 87FD370C194E5CC9008690ED /* Images.xcassets */; };
		87FD3714194E5CC9008690ED /* XCTest.framework in Frameworks */ = {isa = PBXBuildFile; fileRef = 87FD3713194E5CC9008690ED /* XCTest.framework */; };
		87FD3715194E5CC9008690ED /* Foundation.framework in Frameworks */ = {isa = PBXBuildFile; fileRef = 87FD36FA194E5CC9008690ED /* Foundation.framework */; };
		87FD3716194E5CC9008690ED /* UIKit.framework in Frameworks */ = {isa = PBXBuildFile; fileRef = 87FD36FE194E5CC9008690ED /* UIKit.framework */; };
		87FD371E194E5CC9008690ED /* InfoPlist.strings in Resources */ = {isa = PBXBuildFile; fileRef = 87FD371C194E5CC9008690ED /* InfoPlist.strings */; };
		87FD3720194E5CC9008690ED /* tipsTests.m in Sources */ = {isa = PBXBuildFile; fileRef = 87FD371F194E5CC9008690ED /* tipsTests.m */; };
		87FD372C194E5D6B008690ED /* TipViewController.m in Sources */ = {isa = PBXBuildFile; fileRef = 87FD372A194E5D6B008690ED /* TipViewController.m */; };
		87FD372D194E5D6B008690ED /* TipViewController.xib in Resources */ = {isa = PBXBuildFile; fileRef = 87FD372B194E5D6B008690ED /* TipViewController.xib */; };
/* End PBXBuildFile section */

/* Begin PBXContainerItemProxy section */
		87FD3717194E5CC9008690ED /* PBXContainerItemProxy */ = {
			isa = PBXContainerItemProxy;
			containerPortal = 87FD36EF194E5CC9008690ED /* Project object */;
			proxyType = 1;
			remoteGlobalIDString = 87FD36F6194E5CC9008690ED;
			remoteInfo = tips;
		};
/* End PBXContainerItemProxy section */

/* Begin PBXFileReference section */
		87FD36F7194E5CC9008690ED /* tips.app */ = {isa = PBXFileReference; explicitFileType = wrapper.application; includeInIndex = 0; path = tips.app; sourceTree = BUILT_PRODUCTS_DIR; };
		87FD36FA194E5CC9008690ED /* Foundation.framework */ = {isa = PBXFileReference; lastKnownFileType = wrapper.framework; name = Foundation.framework; path = System/Library/Frameworks/Foundation.framework; sourceTree = SDKROOT; };
		87FD36FC194E5CC9008690ED /* CoreGraphics.framework */ = {isa = PBXFileReference; lastKnownFileType = wrapper.framework; name = CoreGraphics.framework; path = System/Library/Frameworks/CoreGraphics.framework; sourceTree = SDKROOT; };
		87FD36FE194E5CC9008690ED /* UIKit.framework */ = {isa = PBXFileReference; lastKnownFileType = wrapper.framework; name = UIKit.framework; path = System/Library/Frameworks/UIKit.framework; sourceTree = SDKROOT; };
		87FD3702194E5CC9008690ED /* tips-Info.plist */ = {isa = PBXFileReference; lastKnownFileType = text.plist.xml; path = "tips-Info.plist"; sourceTree = "<group>"; };
		87FD3704194E5CC9008690ED /* en */ = {isa = PBXFileReference; lastKnownFileType = text.plist.strings; name = en; path = en.lproj/InfoPlist.strings; sourceTree = "<group>"; };
		87FD3706194E5CC9008690ED /* main.m */ = {isa = PBXFileReference; lastKnownFileType = sourcecode.c.objc; path = main.m; sourceTree = "<group>"; };
		87FD3708194E5CC9008690ED /* tips-Prefix.pch */ = {isa = PBXFileReference; lastKnownFileType = sourcecode.c.h; path = "tips-Prefix.pch"; sourceTree = "<group>"; };
		87FD3709194E5CC9008690ED /* AppDelegate.h */ = {isa = PBXFileReference; lastKnownFileType = sourcecode.c.h; path = AppDelegate.h; sourceTree = "<group>"; };
		87FD370A194E5CC9008690ED /* AppDelegate.m */ = {isa = PBXFileReference; lastKnownFileType = sourcecode.c.objc; path = AppDelegate.m; sourceTree = "<group>"; };
		87FD370C194E5CC9008690ED /* Images.xcassets */ = {isa = PBXFileReference; lastKnownFileType = folder.assetcatalog; path = Images.xcassets; sourceTree = "<group>"; };
		87FD3712194E5CC9008690ED /* tipsTests.xctest */ = {isa = PBXFileReference; explicitFileType = wrapper.cfbundle; includeInIndex = 0; path = tipsTests.xctest; sourceTree = BUILT_PRODUCTS_DIR; };
		87FD3713194E5CC9008690ED /* XCTest.framework */ = {isa = PBXFileReference; lastKnownFileType = wrapper.framework; name = XCTest.framework; path = Library/Frameworks/XCTest.framework; sourceTree = DEVELOPER_DIR; };
		87FD371B194E5CC9008690ED /* tipsTests-Info.plist */ = {isa = PBXFileReference; lastKnownFileType = text.plist.xml; path = "tipsTests-Info.plist"; sourceTree = "<group>"; };
		87FD371D194E5CC9008690ED /* en */ = {isa = PBXFileReference; lastKnownFileType = text.plist.strings; name = en; path = en.lproj/InfoPlist.strings; sourceTree = "<group>"; };
		87FD371F194E5CC9008690ED /* tipsTests.m */ = {isa = PBXFileReference; lastKnownFileType = sourcecode.c.objc; path = tipsTests.m; sourceTree = "<group>"; };
		87FD3729194E5D6B008690ED /* TipViewController.h */ = {isa = PBXFileReference; fileEncoding = 4; lastKnownFileType = sourcecode.c.h; path = TipViewController.h; sourceTree = "<group>"; };
		87FD372A194E5D6B008690ED /* TipViewController.m */ = {isa = PBXFileReference; fileEncoding = 4; lastKnownFileType = sourcecode.c.objc; path = TipViewController.m; sourceTree = "<group>"; };
		87FD372B194E5D6B008690ED /* TipViewController.xib */ = {isa = PBXFileReference; fileEncoding = 4; lastKnownFileType = file.xib; path = TipViewController.xib; sourceTree = "<group>"; };
/* End PBXFileReference section */

/* Begin PBXFrameworksBuildPhase section */
		87FD36F4194E5CC9008690ED /* Frameworks */ = {
			isa = PBXFrameworksBuildPhase;
			buildActionMask = 2147483647;
			files = (
				87FD36FD194E5CC9008690ED /* CoreGraphics.framework in Frameworks */,
				87FD36FF194E5CC9008690ED /* UIKit.framework in Frameworks */,
				87FD36FB194E5CC9008690ED /* Foundation.framework in Frameworks */,
			);
			runOnlyForDeploymentPostprocessing = 0;
		};
		87FD370F194E5CC9008690ED /* Frameworks */ = {
			isa = PBXFrameworksBuildPhase;
			buildActionMask = 2147483647;
			files = (
				87FD3714194E5CC9008690ED /* XCTest.framework in Frameworks */,
				87FD3716194E5CC9008690ED /* UIKit.framework in Frameworks */,
				87FD3715194E5CC9008690ED /* Foundation.framework in Frameworks */,
			);
			runOnlyForDeploymentPostprocessing = 0;
		};
/* End PBXFrameworksBuildPhase section */

/* Begin PBXGroup section */
		87FD36EE194E5CC9008690ED = {
			isa = PBXGroup;
			children = (
				87FD3700194E5CC9008690ED /* tips */,
				87FD3719194E5CC9008690ED /* tipsTests */,
				87FD36F9194E5CC9008690ED /* Frameworks */,
				87FD36F8194E5CC9008690ED /* Products */,
			);
			sourceTree = "<group>";
		};
		87FD36F8194E5CC9008690ED /* Products */ = {
			isa = PBXGroup;
			children = (
				87FD36F7194E5CC9008690ED /* tips.app */,
				87FD3712194E5CC9008690ED /* tipsTests.xctest */,
			);
			name = Products;
			sourceTree = "<group>";
		};
		87FD36F9194E5CC9008690ED /* Frameworks */ = {
			isa = PBXGroup;
			children = (
				87FD36FA194E5CC9008690ED /* Foundation.framework */,
				87FD36FC194E5CC9008690ED /* CoreGraphics.framework */,
				87FD36FE194E5CC9008690ED /* UIKit.framework */,
				87FD3713194E5CC9008690ED /* XCTest.framework */,
			);
			name = Frameworks;
			sourceTree = "<group>";
		};
		87FD3700194E5CC9008690ED /* tips */ = {
			isa = PBXGroup;
			children = (
				87FD3709194E5CC9008690ED /* AppDelegate.h */,
				87FD370A194E5CC9008690ED /* AppDelegate.m */,
				87FD370C194E5CC9008690ED /* Images.xcassets */,
				87FD3701194E5CC9008690ED /* Supporting Files */,
				87FD3729194E5D6B008690ED /* TipViewController.h */,
				87FD372A194E5D6B008690ED /* TipViewController.m */,
				87FD372B194E5D6B008690ED /* TipViewController.xib */,
			);
			path = tips;
			sourceTree = "<group>";
		};
		87FD3701194E5CC9008690ED /* Supporting Files */ = {
			isa = PBXGroup;
			children = (
				87FD3702194E5CC9008690ED /* tips-Info.plist */,
				87FD3703194E5CC9008690ED /* InfoPlist.strings */,
				87FD3706194E5CC9008690ED /* main.m */,
				87FD3708194E5CC9008690ED /* tips-Prefix.pch */,
			);
			name = "Supporting Files";
			sourceTree = "<group>";
		};
		87FD3719194E5CC9008690ED /* tipsTests */ = {
			isa = PBXGroup;
			children = (
				87FD371F194E5CC9008690ED /* tipsTests.m */,
				87FD371A194E5CC9008690ED /* Supporting Files */,
			);
			path = tipsTests;
			sourceTree = "<group>";
		};
		87FD371A194E5CC9008690ED /* Supporting Files */ = {
			isa = PBXGroup;
			children = (
				87FD371B194E5CC9008690ED /* tipsTests-Info.plist */,
				87FD371C194E5CC9008690ED /* InfoPlist.strings */,
			);
			name = "Supporting Files";
			sourceTree = "<group>";
		};
/* End PBXGroup section */

/* Begin PBXNativeTarget section */
		87FD36F6194E5CC9008690ED /* tips */ = {
			isa = PBXNativeTarget;
			buildConfigurationList = 87FD3723194E5CC9008690ED /* Build configuration list for PBXNativeTarget "tips" */;
			buildPhases = (
				87FD36F3194E5CC9008690ED /* Sources */,
				87FD36F4194E5CC9008690ED /* Frameworks */,
				87FD36F5194E5CC9008690ED /* Resources */,
			);
			buildRules = (
			);
			dependencies = (
			);
			name = tips;
			productName = tips;
			productReference = 87FD36F7194E5CC9008690ED /* tips.app */;
			productType = "com.apple.product-type.application";
		};
		87FD3711194E5CC9008690ED /* tipsTests */ = {
			isa = PBXNativeTarget;
			buildConfigurationList = 87FD3726194E5CC9008690ED /* Build configuration list for PBXNativeTarget "tipsTests" */;
			buildPhases = (
				87FD370E194E5CC9008690ED /* Sources */,
				87FD370F194E5CC9008690ED /* Frameworks */,
				87FD3710194E5CC9008690ED /* Resources */,
			);
			buildRules = (
			);
			dependencies = (
				87FD3718194E5CC9008690ED /* PBXTargetDependency */,
			);
			name = tipsTests;
			productName = tipsTests;
			productReference = 87FD3712194E5CC9008690ED /* tipsTests.xctest */;
			productType = "com.apple.product-type.bundle.unit-test";
		};
/* End PBXNativeTarget section */

/* Begin PBXProject section */
		87FD36EF194E5CC9008690ED /* Project object */ = {
			isa = PBXProject;
			attributes = {
				LastUpgradeCheck = 0510;
				ORGANIZATIONNAME = Google;
				TargetAttributes = {
					87FD3711194E5CC9008690ED = {
						TestTargetID = 87FD36F6194E5CC9008690ED;
					};
				};
			};
			buildConfigurationList = 87FD36F2194E5CC9008690ED /* Build configuration list for PBXProject "tips" */;
			compatibilityVersion = "Xcode 3.2";
			developmentRegion = English;
			hasScannedForEncodings = 0;
			knownRegions = (
				en,
			);
			mainGroup = 87FD36EE194E5CC9008690ED;
			productRefGroup = 87FD36F8194E5CC9008690ED /* Products */;
			projectDirPath = "";
			projectRoot = "";
			targets = (
				87FD36F6194E5CC9008690ED /* tips */,
				87FD3711194E5CC9008690ED /* tipsTests */,
			);
		};
/* End PBXProject section */

/* Begin PBXResourcesBuildPhase section */
		87FD36F5194E5CC9008690ED /* Resources */ = {
			isa = PBXResourcesBuildPhase;
			buildActionMask = 2147483647;
			files = (
				87FD372D194E5D6B008690ED /* TipViewController.xib in Resources */,
				87FD3705194E5CC9008690ED /* InfoPlist.strings in Resources */,
				87FD370D194E5CC9008690ED /* Images.xcassets in Resources */,
			);
			runOnlyForDeploymentPostprocessing = 0;
		};
		87FD3710194E5CC9008690ED /* Resources */ = {
			isa = PBXResourcesBuildPhase;
			buildActionMask = 2147483647;
			files = (
				87FD371E194E5CC9008690ED /* InfoPlist.strings in Resources */,
			);
			runOnlyForDeploymentPostprocessing = 0;
		};
/* End PBXResourcesBuildPhase section */

/* Begin PBXSourcesBuildPhase section */
		87FD36F3194E5CC9008690ED /* Sources */ = {
			isa = PBXSourcesBuildPhase;
			buildActionMask = 2147483647;
			files = (
				87FD370B194E5CC9008690ED /* AppDelegate.m in Sources */,
				87FD372C194E5D6B008690ED /* TipViewController.m in Sources */,
				87FD3707194E5CC9008690ED /* main.m in Sources */,
			);
			runOnlyForDeploymentPostprocessing = 0;
		};
		87FD370E194E5CC9008690ED /* Sources */ = {
			isa = PBXSourcesBuildPhase;
			buildActionMask = 2147483647;
			files = (
				87FD3720194E5CC9008690ED /* tipsTests.m in Sources */,
			);
			runOnlyForDeploymentPostprocessing = 0;
		};
/* End PBXSourcesBuildPhase section */

/* Begin PBXTargetDependency section */
		87FD3718194E5CC9008690ED /* PBXTargetDependency */ = {
			isa = PBXTargetDependency;
			target = 87FD36F6194E5CC9008690ED /* tips */;
			targetProxy = 87FD3717194E5CC9008690ED /* PBXContainerItemProxy */;
		};
/* End PBXTargetDependency section */

/* Begin PBXVariantGroup section */
		87FD3703194E5CC9008690ED /* InfoPlist.strings */ = {
			isa = PBXVariantGroup;
			children = (
				87FD3704194E5CC9008690ED /* en */,
			);
			name = InfoPlist.strings;
			sourceTree = "<group>";
		};
		87FD371C194E5CC9008690ED /* InfoPlist.strings */ = {
			isa = PBXVariantGroup;
			children = (
				87FD371D194E5CC9008690ED /* en */,
			);
			name = InfoPlist.strings;
			sourceTree = "<group>";
		};
/* End PBXVariantGroup section */

/* Begin XCBuildConfiguration section */
		87FD3721194E5CC9008690ED /* Debug */ = {
			isa = XCBuildConfiguration;
			buildSettings = {
				ALWAYS_SEARCH_USER_PATHS = NO;
				CLANG_CXX_LANGUAGE_STANDARD = "gnu++0x";
				CLANG_CXX_LIBRARY = "libc++";
				CLANG_ENABLE_MODULES = YES;
				CLANG_ENABLE_OBJC_ARC = YES;
				CLANG_WARN_BOOL_CONVERSION = YES;
				CLANG_WARN_CONSTANT_CONVERSION = YES;
				CLANG_WARN_DIRECT_OBJC_ISA_USAGE = YES_ERROR;
				CLANG_WARN_EMPTY_BODY = YES;
				CLANG_WARN_ENUM_CONVERSION = YES;
				CLANG_WARN_INT_CONVERSION = YES;
				CLANG_WARN_OBJC_ROOT_CLASS = YES_ERROR;
				CLANG_WARN__DUPLICATE_METHOD_MATCH = YES;
				"CODE_SIGN_IDENTITY[sdk=iphoneos*]" = "iPhone Developer";
				COPY_PHASE_STRIP = NO;
				GCC_C_LANGUAGE_STANDARD = gnu99;
				GCC_DYNAMIC_NO_PIC = NO;
				GCC_OPTIMIZATION_LEVEL = 0;
				GCC_PREPROCESSOR_DEFINITIONS = (
					"DEBUG=1",
					"$(inherited)",
				);
				GCC_SYMBOLS_PRIVATE_EXTERN = NO;
				GCC_WARN_64_TO_32_BIT_CONVERSION = YES;
				GCC_WARN_ABOUT_RETURN_TYPE = YES_ERROR;
				GCC_WARN_UNDECLARED_SELECTOR = YES;
				GCC_WARN_UNINITIALIZED_AUTOS = YES_AGGRESSIVE;
				GCC_WARN_UNUSED_FUNCTION = YES;
				GCC_WARN_UNUSED_VARIABLE = YES;
				IPHONEOS_DEPLOYMENT_TARGET = 7.1;
				ONLY_ACTIVE_ARCH = YES;
				SDKROOT = iphoneos;
			};
			name = Debug;
		};
		87FD3722194E5CC9008690ED /* Release */ = {
			isa = XCBuildConfiguration;
			buildSettings = {
				ALWAYS_SEARCH_USER_PATHS = NO;
				CLANG_CXX_LANGUAGE_STANDARD = "gnu++0x";
				CLANG_CXX_LIBRARY = "libc++";
				CLANG_ENABLE_MODULES = YES;
				CLANG_ENABLE_OBJC_ARC = YES;
				CLANG_WARN_BOOL_CONVERSION = YES;
				CLANG_WARN_CONSTANT_CONVERSION = YES;
				CLANG_WARN_DIRECT_OBJC_ISA_USAGE = YES_ERROR;
				CLANG_WARN_EMPTY_BODY = YES;
				CLANG_WARN_ENUM_CONVERSION = YES;
				CLANG_WARN_INT_CONVERSION = YES;
				CLANG_WARN_OBJC_ROOT_CLASS = YES_ERROR;
				CLANG_WARN__DUPLICATE_METHOD_MATCH = YES;
				"CODE_SIGN_IDENTITY[sdk=iphoneos*]" = "iPhone Developer";
				COPY_PHASE_STRIP = YES;
				ENABLE_NS_ASSERTIONS = NO;
				GCC_C_LANGUAGE_STANDARD = gnu99;
				GCC_WARN_64_TO_32_BIT_CONVERSION = YES;
				GCC_WARN_ABOUT_RETURN_TYPE = YES_ERROR;
				GCC_WARN_UNDECLARED_SELECTOR = YES;
				GCC_WARN_UNINITIALIZED_AUTOS = YES_AGGRESSIVE;
				GCC_WARN_UNUSED_FUNCTION = YES;
				GCC_WARN_UNUSED_VARIABLE = YES;
				IPHONEOS_DEPLOYMENT_TARGET = 7.1;
				SDKROOT = iphoneos;
				VALIDATE_PRODUCT = YES;
			};
			name = Release;
		};
		87FD3724194E5CC9008690ED /* Debug */ = {
			isa = XCBuildConfiguration;
			buildSettings = {
				ASSETCATALOG_COMPILER_APPICON_NAME = AppIcon;
				ASSETCATALOG_COMPILER_LAUNCHIMAGE_NAME = LaunchImage;
				GCC_PRECOMPILE_PREFIX_HEADER = YES;
				GCC_PREFIX_HEADER = "tips/tips-Prefix.pch";
				INFOPLIST_FILE = "tips/tips-Info.plist";
				IPHONEOS_DEPLOYMENT_TARGET = 6.1;
				PRODUCT_NAME = "$(TARGET_NAME)";
				WRAPPER_EXTENSION = app;
			};
			name = Debug;
		};
		87FD3725194E5CC9008690ED /* Release */ = {
			isa = XCBuildConfiguration;
			buildSettings = {
				ASSETCATALOG_COMPILER_APPICON_NAME = AppIcon;
				ASSETCATALOG_COMPILER_LAUNCHIMAGE_NAME = LaunchImage;
				GCC_PRECOMPILE_PREFIX_HEADER = YES;
				GCC_PREFIX_HEADER = "tips/tips-Prefix.pch";
				INFOPLIST_FILE = "tips/tips-Info.plist";
				IPHONEOS_DEPLOYMENT_TARGET = 6.1;
				PRODUCT_NAME = "$(TARGET_NAME)";
				WRAPPER_EXTENSION = app;
			};
			name = Release;
		};
		87FD3727194E5CC9008690ED /* Debug */ = {
			isa = XCBuildConfiguration;
			buildSettings = {
				BUNDLE_LOADER = "$(BUILT_PRODUCTS_DIR)/tips.app/tips";
				FRAMEWORK_SEARCH_PATHS = (
					"$(SDKROOT)/Developer/Library/Frameworks",
					"$(inherited)",
					"$(DEVELOPER_FRAMEWORKS_DIR)",
				);
				GCC_PRECOMPILE_PREFIX_HEADER = YES;
				GCC_PREFIX_HEADER = "tips/tips-Prefix.pch";
				GCC_PREPROCESSOR_DEFINITIONS = (
					"DEBUG=1",
					"$(inherited)",
				);
				INFOPLIST_FILE = "tipsTests/tipsTests-Info.plist";
				PRODUCT_NAME = "$(TARGET_NAME)";
				TEST_HOST = "$(BUNDLE_LOADER)";
				WRAPPER_EXTENSION = xctest;
			};
			name = Debug;
		};
		87FD3728194E5CC9008690ED /* Release */ = {
			isa = XCBuildConfiguration;
			buildSettings = {
				BUNDLE_LOADER = "$(BUILT_PRODUCTS_DIR)/tips.app/tips";
				FRAMEWORK_SEARCH_PATHS = (
					"$(SDKROOT)/Developer/Library/Frameworks",
					"$(inherited)",
					"$(DEVELOPER_FRAMEWORKS_DIR)",
				);
				GCC_PRECOMPILE_PREFIX_HEADER = YES;
				GCC_PREFIX_HEADER = "tips/tips-Prefix.pch";
				INFOPLIST_FILE = "tipsTests/tipsTests-Info.plist";
				PRODUCT_NAME = "$(TARGET_NAME)";
				TEST_HOST = "$(BUNDLE_LOADER)";
				WRAPPER_EXTENSION = xctest;
			};
			name = Release;
		};
/* End XCBuildConfiguration section */

/* Begin XCConfigurationList section */
		87FD36F2194E5CC9008690ED /* Build configuration list for PBXProject "tips" */ = {
			isa = XCConfigurationList;
			buildConfigurations = (
				87FD3721194E5CC9008690ED /* Debug */,
				87FD3722194E5CC9008690ED /* Release */,
			);
			defaultConfigurationIsVisible = 0;
			defaultConfigurationName = Release;
		};
		87FD3723194E5CC9008690ED /* Build configuration list for PBXNativeTarget "tips" */ = {
			isa = XCConfigurationList;
			buildConfigurations = (
				87FD3724194E5CC9008690ED /* Debug */,
				87FD3725194E5CC9008690ED /* Release */,
			);
			defaultConfigurationIsVisible = 0;
		};
		87FD3726194E5CC9008690ED /* Build configuration list for PBXNativeTarget "tipsTests" */ = {
			isa = XCConfigurationList;
			buildConfigurations = (
				87FD3727194E5CC9008690ED /* Debug */,
				87FD3728194E5CC9008690ED /* Release */,
			);
			defaultConfigurationIsVisible = 0;
		};
/* End XCConfigurationList section */
	};
	rootObject = 87FD36EF194E5CC9008690ED /* Project object */;
}
